
Microsoft Visual Studio Solution File, Format Version 12.00
# Visual Studio 2013
VisualStudioVersion = 12.0.30723.0
MinimumVisualStudioVersion = 10.0.40219.1
Project("{8BC9CEB8-8B4A-11D0-8D11-00A0C91BC942}") = "agent", "agent\agent.vcxproj", "{73328CCC-F36D-40C2-BE36-E03797191DE9}"
	ProjectSection(ProjectDependencies) = postProject
		{AE557081-EA4D-49A7-A629-49EA151806DF} = {AE557081-EA4D-49A7-A629-49EA151806DF}
	EndProjectSection
EndProject
Project("{8BC9CEB8-8B4A-11D0-8D11-00A0C91BC942}") = "StressTest", "stressTest\StressTest.vcxproj", "{EA950C2B-48CB-4FEC-81E8-4CED27BAB732}"
	ProjectSection(ProjectDependencies) = postProject
		{AE557081-EA4D-49A7-A629-49EA151806DF} = {AE557081-EA4D-49A7-A629-49EA151806DF}
	EndProjectSection
EndProject
Project("{8BC9CEB8-8B4A-11D0-8D11-00A0C91BC942}") = "auth", "auth\auth.vcxproj", "{27CF6E85-2CBD-4B05-AEAC-912993DCD995}"
	ProjectSection(ProjectDependencies) = postProject
		{AE557081-EA4D-49A7-A629-49EA151806DF} = {AE557081-EA4D-49A7-A629-49EA151806DF}
	EndProjectSection
EndProject
Project("{8BC9CEB8-8B4A-11D0-8D11-00A0C91BC942}") = "center", "center\center.vcxproj", "{EBF6341E-E612-4F05-8F38-7059524EA716}"
	ProjectSection(ProjectDependencies) = postProject
		{AE557081-EA4D-49A7-A629-49EA151806DF} = {AE557081-EA4D-49A7-A629-49EA151806DF}
	EndProjectSection
EndProject
Project("{8BC9CEB8-8B4A-11D0-8D11-00A0C91BC942}") = "logic", "logic\logic.vcxproj", "{5E763FC7-5C8D-423C-AE8F-54CB3418AC71}"
	ProjectSection(ProjectDependencies) = postProject
		{AE557081-EA4D-49A7-A629-49EA151806DF} = {AE557081-EA4D-49A7-A629-49EA151806DF}
	EndProjectSection
EndProject
Project("{8BC9CEB8-8B4A-11D0-8D11-00A0C91BC942}") = "dbagent", "dbagent\dbagent.vcxproj", "{AC612CDD-FF93-4996-B9B5-FA5A2AA067AF}"
	ProjectSection(ProjectDependencies) = postProject
		{AE557081-EA4D-49A7-A629-49EA151806DF} = {AE557081-EA4D-49A7-A629-49EA151806DF}
	EndProjectSection
EndProject
Project("{8BC9CEB8-8B4A-11D0-8D11-00A0C91BC942}") = "common", "common\common.vcxproj", "{AE557081-EA4D-49A7-A629-49EA151806DF}"
EndProject
Global
	GlobalSection(SolutionConfigurationPlatforms) = preSolution
		Debug|Win32 = Debug|Win32
		Debug|x64 = Debug|x64
		Release|Win32 = Release|Win32
		Release|x64 = Release|x64
	EndGlobalSection
	GlobalSection(ProjectConfigurationPlatforms) = postSolution
		{73328CCC-F36D-40C2-BE36-E03797191DE9}.Debug|Win32.ActiveCfg = Debug|Win32
		{73328CCC-F36D-40C2-BE36-E03797191DE9}.Debug|Win32.Build.0 = Debug|Win32
		{73328CCC-F36D-40C2-BE36-E03797191DE9}.Debug|x64.ActiveCfg = Debug|x64
		{73328CCC-F36D-40C2-BE36-E03797191DE9}.Debug|x64.Build.0 = Debug|x64
		{73328CCC-F36D-40C2-BE36-E03797191DE9}.Release|Win32.ActiveCfg = Release|Win32
		{73328CCC-F36D-40C2-BE36-E03797191DE9}.Release|Win32.Build.0 = Release|Win32
		{73328CCC-F36D-40C2-BE36-E03797191DE9}.Release|x64.ActiveCfg = Release|x64
		{73328CCC-F36D-40C2-BE36-E03797191DE9}.Release|x64.Build.0 = Release|x64
		{EA950C2B-48CB-4FEC-81E8-4CED27BAB732}.Debug|Win32.ActiveCfg = Debug|Win32
		{EA950C2B-48CB-4FEC-81E8-4CED27BAB732}.Debug|Win32.Build.0 = Debug|Win32
		{EA950C2B-48CB-4FEC-81E8-4CED27BAB732}.Debug|x64.ActiveCfg = Debug|x64
		{EA950C2B-48CB-4FEC-81E8-4CED27BAB732}.Debug|x64.Build.0 = Debug|x64
		{EA950C2B-48CB-4FEC-81E8-4CED27BAB732}.Release|Win32.ActiveCfg = Release|Win32
		{EA950C2B-48CB-4FEC-81E8-4CED27BAB732}.Release|Win32.Build.0 = Release|Win32
		{EA950C2B-48CB-4FEC-81E8-4CED27BAB732}.Release|x64.ActiveCfg = Release|x64
		{EA950C2B-48CB-4FEC-81E8-4CED27BAB732}.Release|x64.Build.0 = Release|x64
		{27CF6E85-2CBD-4B05-AEAC-912993DCD995}.Debug|Win32.ActiveCfg = Debug|Win32
		{27CF6E85-2CBD-4B05-AEAC-912993DCD995}.Debug|Win32.Build.0 = Debug|Win32
		{27CF6E85-2CBD-4B05-AEAC-912993DCD995}.Debug|x64.ActiveCfg = Debug|x64
		{27CF6E85-2CBD-4B05-AEAC-912993DCD995}.Debug|x64.Build.0 = Debug|x64
		{27CF6E85-2CBD-4B05-AEAC-912993DCD995}.Release|Win32.ActiveCfg = Release|Win32
		{27CF6E85-2CBD-4B05-AEAC-912993DCD995}.Release|Win32.Build.0 = Release|Win32
		{27CF6E85-2CBD-4B05-AEAC-912993DCD995}.Release|x64.ActiveCfg = Release|x64
		{27CF6E85-2CBD-4B05-AEAC-912993DCD995}.Release|x64.Build.0 = Release|x64
		{EBF6341E-E612-4F05-8F38-7059524EA716}.Debug|Win32.ActiveCfg = Debug|Win32
		{EBF6341E-E612-4F05-8F38-7059524EA716}.Debug|Win32.Build.0 = Debug|Win32
		{EBF6341E-E612-4F05-8F38-7059524EA716}.Debug|x64.ActiveCfg = Debug|x64
		{EBF6341E-E612-4F05-8F38-7059524EA716}.Debug|x64.Build.0 = Debug|x64
		{EBF6341E-E612-4F05-8F38-7059524EA716}.Release|Win32.ActiveCfg = Release|Win32
		{EBF6341E-E612-4F05-8F38-7059524EA716}.Release|Win32.Build.0 = Release|Win32
		{EBF6341E-E612-4F05-8F38-7059524EA716}.Release|x64.ActiveCfg = Release|x64
		{EBF6341E-E612-4F05-8F38-7059524EA716}.Release|x64.Build.0 = Release|x64
		{5E763FC7-5C8D-423C-AE8F-54CB3418AC71}.Debug|Win32.ActiveCfg = Debug|Win32
		{5E763FC7-5C8D-423C-AE8F-54CB3418AC71}.Debug|Win32.Build.0 = Debug|Win32
		{5E763FC7-5C8D-423C-AE8F-54CB3418AC71}.Debug|x64.ActiveCfg = Debug|x64
		{5E763FC7-5C8D-423C-AE8F-54CB3418AC71}.Debug|x64.Build.0 = Debug|x64
		{5E763FC7-5C8D-423C-AE8F-54CB3418AC71}.Release|Win32.ActiveCfg = Release|Win32
		{5E763FC7-5C8D-423C-AE8F-54CB3418AC71}.Release|Win32.Build.0 = Release|Win32
		{5E763FC7-5C8D-423C-AE8F-54CB3418AC71}.Release|x64.ActiveCfg = Release|x64
		{5E763FC7-5C8D-423C-AE8F-54CB3418AC71}.Release|x64.Build.0 = Release|x64
		{AC612CDD-FF93-4996-B9B5-FA5A2AA067AF}.Debug|Win32.ActiveCfg = Debug|Win32
		{AC612CDD-FF93-4996-B9B5-FA5A2AA067AF}.Debug|Win32.Build.0 = Debug|Win32
		{AC612CDD-FF93-4996-B9B5-FA5A2AA067AF}.Debug|x64.ActiveCfg = Debug|x64
		{AC612CDD-FF93-4996-B9B5-FA5A2AA067AF}.Debug|x64.Build.0 = Debug|x64
		{AC612CDD-FF93-4996-B9B5-FA5A2AA067AF}.Release|Win32.ActiveCfg = Release|Win32
		{AC612CDD-FF93-4996-B9B5-FA5A2AA067AF}.Release|Win32.Build.0 = Release|Win32
		{AC612CDD-FF93-4996-B9B5-FA5A2AA067AF}.Release|x64.ActiveCfg = Release|x64
		{AC612CDD-FF93-4996-B9B5-FA5A2AA067AF}.Release|x64.Build.0 = Release|x64
		{AE557081-EA4D-49A7-A629-49EA151806DF}.Debug|Win32.ActiveCfg = Debug|Win32
		{AE557081-EA4D-49A7-A629-49EA151806DF}.Debug|Win32.Build.0 = Debug|Win32
		{AE557081-EA4D-49A7-A629-49EA151806DF}.Debug|x64.ActiveCfg = Debug|x64
		{AE557081-EA4D-49A7-A629-49EA151806DF}.Debug|x64.Build.0 = Debug|x64
		{AE557081-EA4D-49A7-A629-49EA151806DF}.Release|Win32.ActiveCfg = Release|Win32
		{AE557081-EA4D-49A7-A629-49EA151806DF}.Release|Win32.Build.0 = Release|Win32
		{AE557081-EA4D-49A7-A629-49EA151806DF}.Release|x64.ActiveCfg = Release|x64
		{AE557081-EA4D-49A7-A629-49EA151806DF}.Release|x64.Build.0 = Release|x64
	EndGlobalSection
	GlobalSection(SolutionProperties) = preSolution
		HideSolutionNode = FALSE
	EndGlobalSection
EndGlobal
